lockVersion: 2.0.0
id: 983150e6-ebc8-43fe-9b18-750461aad344
management:
  docChecksum: 023dd0396155eafbbdd3b7acf11e1395
  docVersion: 0.1.0
  speakeasyVersion: 1.390.1
  generationVersion: 2.409.0
  releaseVersion: 0.7.0
  configChecksum: 38929047fb1a6e83c2404132a941907a
  repoURL: https://github.com/polarsource/polar-js.git
  installationURL: https://github.com/polarsource/polar-js
  published: true
features:
  typescript:
    additionalDependencies: 0.1.0
    constsAndDefaults: 0.1.11
    core: 3.16.0
    defaultEnabledRetries: 0.1.0
    deprecations: 2.81.1
    devContainers: 2.90.0
    envVarSecurityUsage: 0.1.1
    globalSecurity: 2.82.11
    globalSecurityCallbacks: 0.1.0
    globalSecurityFlattening: 0.1.0
    globalServerURLs: 2.82.4
    groups: 2.81.2
    ignores: 2.81.1
    nameOverrides: 2.81.2
    nullables: 0.1.0
    pagination: 2.82.6
    responseFormat: 0.2.3
    retries: 2.83.0
    sdkHooks: 0.1.0
    unions: 2.85.7
    uploadStreams: 0.1.0
    webhooks: 1.0.0
generatedFiles:
  - src/funcs/externalOrganizationsList.ts
  - src/funcs/repositoriesList.ts
  - src/funcs/repositoriesGet.ts
  - src/funcs/repositoriesUpdate.ts
  - src/funcs/organizationsList.ts
  - src/funcs/organizationsCreate.ts
  - src/funcs/organizationsGet.ts
  - src/funcs/organizationsUpdate.ts
  - src/funcs/subscriptionsList.ts
  - src/funcs/subscriptionsCreate.ts
  - src/funcs/subscriptionsImportSubscriptions.ts
  - src/funcs/subscriptionsExport.ts
  - src/funcs/articlesList.ts
  - src/funcs/articlesCreate.ts
  - src/funcs/articlesGet.ts
  - src/funcs/articlesUpdate.ts
  - src/funcs/articlesDelete.ts
  - src/funcs/articlesReceivers.ts
  - src/funcs/articlesPreview.ts
  - src/funcs/articlesSend.ts
  - src/funcs/advertisementsList.ts
  - src/funcs/advertisementsGet.ts
  - src/funcs/oauth2Token.ts
  - src/funcs/oauth2Revoke.ts
  - src/funcs/oauth2Introspect.ts
  - src/funcs/oauth2Userinfo.ts
  - src/funcs/benefitsList.ts
  - src/funcs/benefitsCreate.ts
  - src/funcs/benefitsGet.ts
  - src/funcs/benefitsUpdate.ts
  - src/funcs/benefitsDelete.ts
  - src/funcs/benefitsGrants.ts
  - src/funcs/productsList.ts
  - src/funcs/productsCreate.ts
  - src/funcs/productsGet.ts
  - src/funcs/productsUpdate.ts
  - src/funcs/productsUpdateBenefits.ts
  - src/funcs/ordersList.ts
  - src/funcs/ordersGet.ts
  - src/funcs/ordersInvoice.ts
  - src/funcs/checkoutsCreate.ts
  - src/funcs/checkoutsGet.ts
  - src/funcs/filesList.ts
  - src/funcs/filesCreate.ts
  - src/funcs/filesUploaded.ts
  - src/funcs/filesUpdate.ts
  - src/funcs/filesDelete.ts
  - src/funcs/metricsGet.ts
  - src/funcs/metricsLimits.ts
  - src/funcs/licenseKeysList.ts
  - src/funcs/licenseKeysGet.ts
  - src/funcs/licenseKeysUpdate.ts
  - src/funcs/licenseKeysGetActivation.ts
  - src/funcs/usersBenefitsList.ts
  - src/funcs/usersBenefitsGet.ts
  - src/funcs/usersOrdersList.ts
  - src/funcs/usersOrdersGet.ts
  - src/funcs/usersOrdersInvoice.ts
  - src/funcs/usersSubscriptionsList.ts
  - src/funcs/usersSubscriptionsCreate.ts
  - src/funcs/usersSubscriptionsGet.ts
  - src/funcs/usersSubscriptionsUpdate.ts
  - src/funcs/usersSubscriptionsCancel.ts
  - src/funcs/usersAdvertisementsList.ts
  - src/funcs/usersAdvertisementsCreate.ts
  - src/funcs/usersAdvertisementsGet.ts
  - src/funcs/usersAdvertisementsUpdate.ts
  - src/funcs/usersAdvertisementsDelete.ts
  - src/funcs/usersAdvertisementsEnable.ts
  - src/funcs/usersDownloadablesList.ts
  - src/funcs/usersDownloadablesGet.ts
  - src/funcs/usersLicenseKeysList.ts
  - src/funcs/usersLicenseKeysGet.ts
  - src/funcs/usersLicenseKeysValidate.ts
  - src/funcs/usersLicenseKeysActivate.ts
  - src/funcs/usersLicenseKeysDeactivate.ts
  - src/funcs/oauth2ClientsList.ts
  - src/funcs/oauth2ClientsCreate.ts
  - src/funcs/oauth2ClientsGet.ts
  - src/funcs/oauth2ClientsUpdate.ts
  - src/funcs/oauth2ClientsDelete.ts
  - src/sdk/polarbenefits.ts
  - src/sdk/polarorders.ts
  - src/sdk/polarsubscriptions.ts
  - src/sdk/polaradvertisements.ts
  - src/sdk/downloadables.ts
  - src/sdk/polarlicensekeys.ts
  - src/sdk/users.ts
  - src/sdk/externalorganizations.ts
  - src/sdk/repositories.ts
  - src/sdk/organizations.ts
  - src/sdk/subscriptions.ts
  - src/sdk/articles.ts
  - src/sdk/advertisements.ts
  - src/sdk/clients.ts
  - src/sdk/oauth2.ts
  - src/sdk/benefits.ts
  - src/sdk/products.ts
  - src/sdk/orders.ts
  - src/sdk/checkouts.ts
  - src/sdk/files.ts
  - src/sdk/metrics.ts
  - src/sdk/licensekeys.ts
  - src/sdk/sdk.ts
  - .eslintrc.cjs
  - .npmignore
  - FUNCTIONS.md
  - RUNTIMES.md
  - jsr.json
  - package.json
  - src/core.ts
  - src/index.ts
  - src/lib/base64.ts
  - src/lib/config.ts
  - src/lib/dlv.ts
  - src/lib/encodings.ts
  - src/lib/env.ts
  - src/lib/files.ts
  - src/lib/http.ts
  - src/lib/is-plain-object.ts
  - src/lib/logger.ts
  - src/lib/matchers.ts
  - src/lib/primitives.ts
  - src/lib/retries.ts
  - src/lib/schemas.ts
  - src/lib/sdks.ts
  - src/lib/security.ts
  - src/lib/url.ts
  - src/sdk/index.ts
  - src/models/errors/httpclienterrors.ts
  - src/models/errors/sdkerror.ts
  - src/models/errors/sdkvalidationerror.ts
  - src/types/blobs.ts
  - src/types/constdatetime.ts
  - src/types/enums.ts
  - src/types/fp.ts
  - src/types/index.ts
  - src/types/operations.ts
  - src/types/rfcdate.ts
  - src/types/streams.ts
  - tsconfig.json
  - src/models/operations/usersbenefitslist.ts
  - src/models/operations/usersbenefitsget.ts
  - src/models/operations/usersorderslist.ts
  - src/models/operations/usersordersget.ts
  - src/models/operations/usersordersinvoice.ts
  - src/models/operations/userssubscriptionslist.ts
  - src/models/operations/userssubscriptionsget.ts
  - src/models/operations/userssubscriptionsupdate.ts
  - src/models/operations/userssubscriptionscancel.ts
  - src/models/operations/usersadvertisementslist.ts
  - src/models/operations/usersadvertisementsget.ts
  - src/models/operations/usersadvertisementsupdate.ts
  - src/models/operations/usersadvertisementsdelete.ts
  - src/models/operations/usersadvertisementsenable.ts
  - src/models/operations/usersdownloadableslist.ts
  - src/models/operations/usersdownloadablesget.ts
  - src/models/operations/userslicensekeyslist.ts
  - src/models/operations/userslicensekeysget.ts
  - src/models/operations/externalorganizationslist.ts
  - src/models/operations/repositorieslist.ts
  - src/models/operations/repositoriesget.ts
  - src/models/operations/repositoriesupdate.ts
  - src/models/operations/organizationslist.ts
  - src/models/operations/organizationsget.ts
  - src/models/operations/organizationsupdate.ts
  - src/models/operations/subscriptionslist.ts
  - src/models/operations/subscriptionsexport.ts
  - src/models/operations/articleslist.ts
  - src/models/operations/articlesget.ts
  - src/models/operations/articlesupdate.ts
  - src/models/operations/articlesdelete.ts
  - src/models/operations/articlesreceivers.ts
  - src/models/operations/articlespreview.ts
  - src/models/operations/articlessend.ts
  - src/models/operations/advertisementslist.ts
  - src/models/operations/advertisementsget.ts
  - src/models/operations/oauth2requesttoken.ts
  - src/models/operations/oauth2revoketoken.ts
  - src/models/operations/oauth2introspecttoken.ts
  - src/models/operations/oauth2userinfo.ts
  - src/models/operations/oauth2clientslist.ts
  - src/models/operations/oauth2clientsoauth2getclient.ts
  - src/models/operations/oauth2clientsoauth2updateclient.ts
  - src/models/operations/oauth2clientsoauth2deleteclient.ts
  - src/models/operations/benefitslist.ts
  - src/models/operations/benefitscreate.ts
  - src/models/operations/benefitsget.ts
  - src/models/operations/benefitsupdate.ts
  - src/models/operations/benefitsdelete.ts
  - src/models/operations/benefitsgrants.ts
  - src/models/operations/productslist.ts
  - src/models/operations/productscreate.ts
  - src/models/operations/productsget.ts
  - src/models/operations/productsupdate.ts
  - src/models/operations/productsupdatebenefits.ts
  - src/models/operations/orderslist.ts
  - src/models/operations/ordersget.ts
  - src/models/operations/ordersinvoice.ts
  - src/models/operations/checkoutsget.ts
  - src/models/operations/fileslist.ts
  - src/models/operations/filescreate.ts
  - src/models/operations/filesuploaded.ts
  - src/models/operations/filesupdate.ts
  - src/models/operations/filesdelete.ts
  - src/models/operations/metricsget.ts
  - src/models/operations/licensekeyslist.ts
  - src/models/operations/licensekeysget.ts
  - src/models/operations/licensekeysupdate.ts
  - src/models/operations/licensekeysgetactivation.ts
  - src/models/components/listresourceuserbenefit.ts
  - src/models/components/pagination.ts
  - src/models/components/benefitarticlessubscriber.ts
  - src/models/components/benefitarticlessubscriberproperties.ts
  - src/models/components/benefitadssubscriber.ts
  - src/models/components/benefitgrantads.ts
  - src/models/components/benefitgrantadsproperties.ts
  - src/models/components/benefitadsproperties.ts
  - src/models/components/benefitdiscordsubscriber.ts
  - src/models/components/benefitdiscordsubscriberproperties.ts
  - src/models/components/benefitcustomsubscriber.ts
  - src/models/components/benefitcustomsubscriberproperties.ts
  - src/models/components/benefitgrant.ts
  - src/models/components/benefitgrantproperties.ts
  - src/models/components/benefitgithubrepositorysubscriber.ts
  - src/models/components/benefitgithubrepositorysubscriberproperties.ts
  - src/models/components/benefitdownloadablessubscriber.ts
  - src/models/components/benefitdownloadablessubscriberproperties.ts
  - src/models/components/benefitlicensekeyssubscriber.ts
  - src/models/components/benefitgrantlicensekeys.ts
  - src/models/components/benefitgrantlicensekeysproperties.ts
  - src/models/components/benefitlicensekeyssubscriberproperties.ts
  - src/models/components/benefitlicensekeyactivationproperties.ts
  - src/models/components/benefitlicensekeyexpirationproperties.ts
  - src/models/components/validationerror.ts
  - src/models/components/userbenefitsortproperty.ts
  - src/models/components/benefittype.ts
  - src/models/components/listresourceuserorder.ts
  - src/models/components/userorder.ts
  - src/models/components/userordersubscription.ts
  - src/models/components/subscriptionstatus.ts
  - src/models/components/productpriceoutput.ts
  - src/models/components/productpricerecurring.ts
  - src/models/components/productpricerecurringinterval.ts
  - src/models/components/productpriceonetime.ts
  - src/models/components/userorderproduct.ts
  - src/models/components/productmediafilereadoutput.ts
  - src/models/components/benefitbase.ts
  - src/models/components/benefitarticles.ts
  - src/models/components/benefitarticlesproperties.ts
  - src/models/components/subscriptiontiertype.ts
  - src/models/components/userordersortproperty.ts
  - src/models/components/productpricetype.ts
  - src/models/components/userorderinvoice.ts
  - src/models/components/listresourceusersubscription.ts
  - src/models/components/usersubscription.ts
  - src/models/components/usersubscriptionproduct.ts
  - src/models/components/usersubscriptionsortproperty.ts
  - src/models/components/userfreesubscriptioncreate.ts
  - src/models/components/usersubscriptionupdate.ts
  - src/models/components/listresourceuseradvertisementcampaign.ts
  - src/models/components/useradvertisementcampaign.ts
  - src/models/components/useradvertisementsortproperty.ts
  - src/models/components/useradvertisementcampaigncreate.ts
  - src/models/components/useradvertisementcampaignupdate.ts
  - src/models/components/useradvertisementcampaignenable.ts
  - src/models/components/listresourcedownloadableread.ts
  - src/models/components/downloadableread.ts
  - src/models/components/filedownload.ts
  - src/models/components/fileservicetypes.ts
  - src/models/components/s3downloadurl.ts
  - src/models/components/listresourcelicensekeyread.ts
  - src/models/components/licensekeyread.ts
  - src/models/components/licensekeystatus.ts
  - src/models/components/licensekeywithactivations.ts
  - src/models/components/licensekeyactivationbase.ts
  - src/models/components/validatedlicensekey.ts
  - src/models/components/licensekeyvalidate.ts
  - src/models/components/licensekeyactivationread.ts
  - src/models/components/licensekeyactivate.ts
  - src/models/components/licensekeydeactivate.ts
  - src/models/components/listresourceexternalorganization.ts
  - src/models/components/externalorganization.ts
  - src/models/components/platforms.ts
  - src/models/components/externalorganizationsortproperty.ts
  - src/models/components/listresourcerepository.ts
  - src/models/components/repositoryoutput.ts
  - src/models/components/repositoryprofilesettings.ts
  - src/models/components/repositorysortproperty.ts
  - src/models/components/repositoryupdate.ts
  - src/models/components/repositoryprofilesettingsupdate.ts
  - src/models/components/listresourceorganization.ts
  - src/models/components/organizationoutput.ts
  - src/models/components/organizationfeaturesettings.ts
  - src/models/components/organizationprofilesettings.ts
  - src/models/components/organizationsubscribepromotesettings.ts
  - src/models/components/organizationsortproperty.ts
  - src/models/components/organizationcreate.ts
  - src/models/components/organizationupdate.ts
  - src/models/components/listresourcesubscription.ts
  - src/models/components/subscriptionoutput.ts
  - src/models/components/productoutput.ts
  - src/models/components/subscriptionuser.ts
  - src/models/components/subscriptionsortproperty.ts
  - src/models/components/subscriptioncreateemail.ts
  - src/models/components/subscriptionsimported.ts
  - src/models/components/bodysubscriptionsimport.ts
  - src/models/components/listresourcearticle.ts
  - src/models/components/article.ts
  - src/models/components/articlevisibility.ts
  - src/models/components/bylineprofile.ts
  - src/models/components/articlecreate.ts
  - src/models/components/articleupdate.ts
  - src/models/components/articlebyline.ts
  - src/models/components/articlereceivers.ts
  - src/models/components/articlepreview.ts
  - src/models/components/advertisementcampaignlistresource.ts
  - src/models/components/advertisementcampaign.ts
  - src/models/components/advertisementsortproperty.ts
  - src/models/components/tokenresponse.ts
  - src/models/components/onev11oauth21tokenpostxcomponentsauthorizationcodetokenrequest.ts
  - src/models/components/onev11oauth21tokenpostxcomponentsrefreshtokenrequest.ts
  - src/models/components/revoketokenresponse.ts
  - src/models/components/introspecttokenresponse.ts
  - src/models/components/subtype.ts
  - src/models/components/userinfouser.ts
  - src/models/components/userinfoorganization.ts
  - src/models/components/listresourceoauth2client.ts
  - src/models/components/oauth2client.ts
  - src/models/components/oauth2clientconfiguration.ts
  - src/models/components/oauth2clientconfigurationupdate.ts
  - src/models/components/listresourcebenefit.ts
  - src/models/components/benefitads.ts
  - src/models/components/benefitcustom.ts
  - src/models/components/benefitcustomproperties.ts
  - src/models/components/benefitdiscordoutput.ts
  - src/models/components/benefitdiscordpropertiesoutput.ts
  - src/models/components/benefitgithubrepository.ts
  - src/models/components/benefitgithubrepositoryproperties.ts
  - src/models/components/benefitdownloadables.ts
  - src/models/components/benefitdownloadablesproperties.ts
  - src/models/components/benefitlicensekeysoutput.ts
  - src/models/components/benefitlicensekeysproperties.ts
  - src/models/components/benefitcustomcreate.ts
  - src/models/components/benefitadscreate.ts
  - src/models/components/benefitdiscordcreate.ts
  - src/models/components/benefitdiscordcreateproperties.ts
  - src/models/components/benefitgithubrepositorycreate.ts
  - src/models/components/benefitgithubrepositorycreateproperties.ts
  - src/models/components/benefitdownloadablescreate.ts
  - src/models/components/benefitdownloadablescreateproperties.ts
  - src/models/components/benefitlicensekeyscreate.ts
  - src/models/components/benefitlicensekeyscreateproperties.ts
  - src/models/components/benefitarticlesupdate.ts
  - src/models/components/benefitadsupdate.ts
  - src/models/components/benefitcustomupdate.ts
  - src/models/components/benefitdiscordupdate.ts
  - src/models/components/benefitgithubrepositoryupdate.ts
  - src/models/components/benefitdownloadablesupdate.ts
  - src/models/components/benefitlicensekeysupdate.ts
  - src/models/components/listresourcebenefitgrant.ts
  - src/models/components/listresourceproduct.ts
  - src/models/components/productrecurringcreate.ts
  - src/models/components/productpricerecurringcreate.ts
  - src/models/components/productonetimecreate.ts
  - src/models/components/productpriceonetimecreate.ts
  - src/models/components/productupdate.ts
  - src/models/components/existingproductprice.ts
  - src/models/components/productbenefitsupdate.ts
  - src/models/components/listresourceorder.ts
  - src/models/components/orderoutput.ts
  - src/models/components/ordersubscription.ts
  - src/models/components/orderproduct.ts
  - src/models/components/orderuser.ts
  - src/models/components/ordersortproperty.ts
  - src/models/components/orderinvoice.ts
  - src/models/components/checkout.ts
  - src/models/components/checkoutcreate.ts
  - src/models/components/listresourcefileread.ts
  - src/models/components/downloadablefileread.ts
  - src/models/components/organizationavatarfileread.ts
  - src/models/components/fileupload.ts
  - src/models/components/s3fileuploadmultipart.ts
  - src/models/components/s3fileuploadpart.ts
  - src/models/components/downloadablefilecreate.ts
  - src/models/components/s3filecreatemultipart.ts
  - src/models/components/s3filecreatepart.ts
  - src/models/components/productmediafilecreate.ts
  - src/models/components/organizationavatarfilecreate.ts
  - src/models/components/fileuploadcompleted.ts
  - src/models/components/s3fileuploadcompletedpart.ts
  - src/models/components/filepatch.ts
  - src/models/components/metricsresponse.ts
  - src/models/components/metrics.ts
  - src/models/components/metric.ts
  - src/models/components/metrictype.ts
  - src/models/components/metricperiod.ts
  - src/models/components/metricslimits.ts
  - src/models/components/metricsintervalslimits.ts
  - src/models/components/metricsintervallimit.ts
  - src/models/components/licensekeyupdate.ts
  - src/models/components/security.ts
  - src/models/components/webhookordercreatedpayload.ts
  - src/models/components/orderinput.ts
  - src/models/components/productpriceinput.ts
  - src/models/components/webhooksubscriptioncreatedpayload.ts
  - src/models/components/subscriptioninput.ts
  - src/models/components/productinput.ts
  - src/models/components/productmediafilereadinput.ts
  - src/models/components/webhooksubscriptionupdatedpayload.ts
  - src/models/components/webhookproductcreatedpayload.ts
  - src/models/components/webhookproductupdatedpayload.ts
  - src/models/components/webhookpledgecreatedpayload.ts
  - src/models/components/pledgeinput.ts
  - src/models/components/pledger.ts
  - src/models/components/issueinput.ts
  - src/models/components/repositoryinput.ts
  - src/models/components/funding.ts
  - src/models/components/currencyamount.ts
  - src/models/components/state.ts
  - src/models/components/reactions.ts
  - src/models/components/assignee.ts
  - src/models/components/author.ts
  - src/models/components/label.ts
  - src/models/components/pledgetype.ts
  - src/models/components/pledgestate.ts
  - src/models/components/webhookpledgeupdatedpayload.ts
  - src/models/components/webhookdonationcreatedpayload.ts
  - src/models/components/donationinput.ts
  - src/models/components/donationorganization.ts
  - src/models/components/donationuser.ts
  - src/models/components/webhookorganizationupdatedpayload.ts
  - src/models/components/organizationinput.ts
  - src/models/components/webhookbenefitcreatedpayload.ts
  - src/models/components/benefitdiscordinput.ts
  - src/models/components/benefitdiscordpropertiesinput.ts
  - src/models/components/benefitlicensekeysinput.ts
  - src/models/components/webhookbenefitupdatedpayload.ts
  - src/models/errors/httpvalidationerror.ts
  - src/models/errors/resourcenotfound.ts
  - src/models/errors/alreadysubscribed.ts
  - src/models/errors/freesubscriptionupgrade.ts
  - src/models/errors/alreadycanceledsubscription.ts
  - src/models/errors/unauthorized.ts
  - src/models/errors/notpermitted.ts
  - src/models/errors/filenotfound.ts
  - src/models/errors/index.ts
  - src/models/operations/index.ts
  - src/models/components/index.ts
  - docs/models/operations/benefittypefilter.md
  - docs/models/operations/organizationidfilter.md
  - docs/models/operations/orderidfilter.md
  - docs/models/operations/subscriptionidfilter.md
  - docs/models/operations/usersbenefitslistrequest.md
  - docs/models/operations/usersbenefitslistresponse.md
  - docs/models/operations/usersbenefitsgetrequest.md
  - docs/models/operations/usersbenefitsgetresponseusersbenefitsget.md
  - docs/models/operations/queryparamorganizationidfilter.md
  - docs/models/operations/productidfilter.md
  - docs/models/operations/productpricetypefilter.md
  - docs/models/operations/queryparamsubscriptionidfilter.md
  - docs/models/operations/usersorderslistrequest.md
  - docs/models/operations/usersorderslistresponse.md
  - docs/models/operations/usersordersgetrequest.md
  - docs/models/operations/usersordersinvoicerequest.md
  - docs/models/operations/userssubscriptionslistqueryparamorganizationidfilter.md
  - docs/models/operations/queryparamproductidfilter.md
  - docs/models/operations/userssubscriptionslistrequest.md
  - docs/models/operations/userssubscriptionslistresponse.md
  - docs/models/operations/userssubscriptionsgetrequest.md
  - docs/models/operations/userssubscriptionsupdaterequest.md
  - docs/models/operations/userssubscriptionscancelrequest.md
  - docs/models/operations/usersadvertisementslistrequest.md
  - docs/models/operations/usersadvertisementslistresponse.md
  - docs/models/operations/usersadvertisementsgetrequest.md
  - docs/models/operations/usersadvertisementsupdaterequest.md
  - docs/models/operations/usersadvertisementsdeleterequest.md
  - docs/models/operations/usersadvertisementsenablerequest.md
  - docs/models/operations/usersdownloadableslistqueryparamorganizationidfilter.md
  - docs/models/operations/benefitidfilter.md
  - docs/models/operations/usersdownloadableslistrequest.md
  - docs/models/operations/usersdownloadableslistresponse.md
  - docs/models/operations/usersdownloadablesgetrequest.md
  - docs/models/operations/userslicensekeyslistqueryparamorganizationidfilter.md
  - docs/models/operations/userslicensekeyslistrequest.md
  - docs/models/operations/userslicensekeyslistresponse.md
  - docs/models/operations/userslicensekeysgetrequest.md
  - docs/models/operations/platformfilter.md
  - docs/models/operations/repositorynamefilter.md
  - docs/models/operations/externalorganizationslistqueryparamorganizationidfilter.md
  - docs/models/operations/externalorganizationslistrequest.md
  - docs/models/operations/externalorganizationslistresponse.md
  - docs/models/operations/queryparamplatformfilter.md
  - docs/models/operations/queryparamrepositorynamefilter.md
  - docs/models/operations/externalorganizationnamefilter.md
  - docs/models/operations/repositorieslistqueryparamorganizationidfilter.md
  - docs/models/operations/repositorieslistrequest.md
  - docs/models/operations/repositorieslistresponse.md
  - docs/models/operations/repositoriesgetrequest.md
  - docs/models/operations/repositoriesupdaterequest.md
  - docs/models/operations/organizationslistrequest.md
  - docs/models/operations/organizationslistresponse.md
  - docs/models/operations/organizationsgetrequest.md
  - docs/models/operations/organizationsupdaterequest.md
  - docs/models/operations/subscriptionslistqueryparamorganizationidfilter.md
  - docs/models/operations/subscriptionslistqueryparamproductidfilter.md
  - docs/models/operations/subscriptiontiertypefilter.md
  - docs/models/operations/subscriptionslistrequest.md
  - docs/models/operations/subscriptionslistresponse.md
  - docs/models/operations/organizationid.md
  - docs/models/operations/subscriptionsexportrequest.md
  - docs/models/operations/articleslistqueryparamorganizationidfilter.md
  - docs/models/operations/articlevisibilityfilter.md
  - docs/models/operations/articleslistrequest.md
  - docs/models/operations/articleslistresponse.md
  - docs/models/operations/articlesgetrequest.md
  - docs/models/operations/articlesupdaterequest.md
  - docs/models/operations/articlesdeleterequest.md
  - docs/models/operations/articlesreceiversrequest.md
  - docs/models/operations/articlespreviewrequest.md
  - docs/models/operations/articlessendrequest.md
  - docs/models/operations/advertisementslistrequest.md
  - docs/models/operations/advertisementslistresponse.md
  - docs/models/operations/advertisementsgetrequest.md
  - docs/models/operations/oauth2requesttokenrequestbody.md
  - docs/models/operations/tokentypehint.md
  - docs/models/operations/oauth2revoketokenrevoketokenrequest.md
  - docs/models/operations/oauth2introspecttokentokentypehint.md
  - docs/models/operations/oauth2introspecttokenintrospecttokenrequest.md
  - docs/models/operations/oauth2userinforesponseoauth2userinfo.md
  - docs/models/operations/oauth2clientslistrequest.md
  - docs/models/operations/oauth2clientslistresponse.md
  - docs/models/operations/oauth2clientsoauth2getclientrequest.md
  - docs/models/operations/oauth2clientsoauth2updateclientrequest.md
  - docs/models/operations/oauth2clientsoauth2deleteclientrequest.md
  - docs/models/operations/benefitslistqueryparamorganizationidfilter.md
  - docs/models/operations/queryparambenefittypefilter.md
  - docs/models/operations/benefitslistrequest.md
  - docs/models/operations/benefitslistresponse.md
  - docs/models/operations/benefitscreatebenefitcreate.md
  - docs/models/operations/benefitscreateresponsebenefitscreate.md
  - docs/models/operations/benefitsgetrequest.md
  - docs/models/operations/benefitsgetresponsebenefitsget.md
  - docs/models/operations/benefitsupdatebenefitupdate.md
  - docs/models/operations/benefitsupdaterequest.md
  - docs/models/operations/benefitsupdateresponsebenefitsupdate.md
  - docs/models/operations/benefitsdeleterequest.md
  - docs/models/operations/benefitsgrantsrequest.md
  - docs/models/operations/benefitsgrantsresponse.md
  - docs/models/operations/productslistqueryparamorganizationidfilter.md
  - docs/models/operations/queryparambenefitidfilter.md
  - docs/models/operations/queryparamsubscriptiontiertypefilter.md
  - docs/models/operations/productslistrequest.md
  - docs/models/operations/productslistresponse.md
  - docs/models/operations/productscreateproductcreate.md
  - docs/models/operations/productsgetrequest.md
  - docs/models/operations/productsupdaterequest.md
  - docs/models/operations/productsupdatebenefitsrequest.md
  - docs/models/operations/orderslistqueryparamorganizationidfilter.md
  - docs/models/operations/orderslistqueryparamproductidfilter.md
  - docs/models/operations/queryparamproductpricetypefilter.md
  - docs/models/operations/useridfilter.md
  - docs/models/operations/orderslistrequest.md
  - docs/models/operations/orderslistresponse.md
  - docs/models/operations/ordersgetrequest.md
  - docs/models/operations/ordersinvoicerequest.md
  - docs/models/operations/checkoutsgetrequest.md
  - docs/models/operations/fileslistrequest.md
  - docs/models/operations/fileslistresponse.md
  - docs/models/operations/filescreatefilecreate.md
  - docs/models/operations/filesuploadedrequest.md
  - docs/models/operations/filesuploadedresponsefilesuploaded.md
  - docs/models/operations/filesupdaterequest.md
  - docs/models/operations/filesupdateresponsefilesupdate.md
  - docs/models/operations/filesdeleterequest.md
  - docs/models/operations/interval.md
  - docs/models/operations/metricsgetqueryparamorganizationidfilter.md
  - docs/models/operations/metricsgetqueryparamproductidfilter.md
  - docs/models/operations/metricsgetqueryparamproductpricetypefilter.md
  - docs/types/rfcdate.md
  - docs/models/operations/metricsgetrequest.md
  - docs/models/operations/licensekeyslistqueryparamorganizationidfilter.md
  - docs/models/operations/licensekeyslistrequest.md
  - docs/models/operations/licensekeyslistresponse.md
  - docs/models/operations/licensekeysgetrequest.md
  - docs/models/operations/licensekeysupdaterequest.md
  - docs/models/operations/licensekeysgetactivationrequest.md
  - docs/models/components/userbenefit.md
  - docs/models/components/listresourceuserbenefit.md
  - docs/models/components/pagination.md
  - docs/models/components/type.md
  - docs/models/components/benefitarticlessubscriber.md
  - docs/models/components/benefitarticlessubscriberproperties.md
  - docs/models/components/benefitadssubscribertype.md
  - docs/models/components/benefitadssubscriber.md
  - docs/models/components/benefitgrantads.md
  - docs/models/components/benefitgrantadsproperties.md
  - docs/models/components/benefitadsproperties.md
  - docs/models/components/benefitdiscordsubscribertype.md
  - docs/models/components/benefitdiscordsubscriber.md
  - docs/models/components/benefitdiscordsubscriberproperties.md
  - docs/models/components/benefitcustomsubscribertype.md
  - docs/models/components/benefitcustomsubscriber.md
  - docs/models/components/benefitcustomsubscriberproperties.md
  - docs/models/components/benefitgrant.md
  - docs/models/components/benefitgrantproperties.md
  - docs/models/components/benefitgithubrepositorysubscribertype.md
  - docs/models/components/benefitgithubrepositorysubscriber.md
  - docs/models/components/benefitgithubrepositorysubscriberproperties.md
  - docs/models/components/benefitdownloadablessubscribertype.md
  - docs/models/components/benefitdownloadablessubscriber.md
  - docs/models/components/benefitdownloadablessubscriberproperties.md
  - docs/models/components/benefitlicensekeyssubscribertype.md
  - docs/models/components/benefitlicensekeyssubscriber.md
  - docs/models/components/benefitgrantlicensekeys.md
  - docs/models/components/benefitgrantlicensekeysproperties.md
  - docs/models/components/benefitlicensekeyssubscriberproperties.md
  - docs/models/components/benefitlicensekeyactivationproperties.md
  - docs/models/components/timeframe.md
  - docs/models/components/benefitlicensekeyexpirationproperties.md
  - docs/models/components/loc.md
  - docs/models/components/validationerror.md
  - docs/models/components/userbenefitsortproperty.md
  - docs/models/components/benefittype.md
  - docs/models/components/listresourceuserorder.md
  - docs/models/components/userorder.md
  - docs/models/components/userordersubscription.md
  - docs/models/components/subscriptionstatus.md
  - docs/models/components/productpriceoutput.md
  - docs/models/components/productpricerecurringtype.md
  - docs/models/components/productpricerecurring.md
  - docs/models/components/productpricerecurringinterval.md
  - docs/models/components/productpriceonetimetype.md
  - docs/models/components/productpriceonetime.md
  - docs/models/components/benefits.md
  - docs/models/components/userorderproduct.md
  - docs/models/components/service.md
  - docs/models/components/productmediafilereadoutput.md
  - docs/models/components/benefitbase.md
  - docs/models/components/benefitarticlestype.md
  - docs/models/components/benefitarticles.md
  - docs/models/components/benefitarticlesproperties.md
  - docs/models/components/subscriptiontiertype.md
  - docs/models/components/userordersortproperty.md
  - docs/models/components/productpricetype.md
  - docs/models/components/userorderinvoice.md
  - docs/models/components/listresourceusersubscription.md
  - docs/models/components/usersubscription.md
  - docs/models/components/usersubscriptionproductbenefits.md
  - docs/models/components/usersubscriptionproduct.md
  - docs/models/components/usersubscriptionsortproperty.md
  - docs/models/components/userfreesubscriptioncreate.md
  - docs/models/components/usersubscriptionupdate.md
  - docs/models/components/listresourceuseradvertisementcampaign.md
  - docs/models/components/useradvertisementcampaign.md
  - docs/models/components/useradvertisementsortproperty.md
  - docs/models/components/useradvertisementcampaigncreate.md
  - docs/models/components/useradvertisementcampaignupdate.md
  - docs/models/components/useradvertisementcampaignenable.md
  - docs/models/components/listresourcedownloadableread.md
  - docs/models/components/downloadableread.md
  - docs/models/components/filedownload.md
  - docs/models/components/fileservicetypes.md
  - docs/models/components/s3downloadurl.md
  - docs/models/components/listresourcelicensekeyread.md
  - docs/models/components/licensekeyread.md
  - docs/models/components/licensekeystatus.md
  - docs/models/components/licensekeywithactivations.md
  - docs/models/components/meta.md
  - docs/models/components/licensekeyactivationbase.md
  - docs/models/components/validatedlicensekey.md
  - docs/models/components/conditions.md
  - docs/models/components/licensekeyvalidate.md
  - docs/models/components/licensekeyactivationreadmeta.md
  - docs/models/components/licensekeyactivationread.md
  - docs/models/components/licensekeyactivateconditions.md
  - docs/models/components/licensekeyactivatemeta.md
  - docs/models/components/licensekeyactivate.md
  - docs/models/components/licensekeydeactivate.md
  - docs/models/components/listresourceexternalorganization.md
  - docs/models/components/externalorganization.md
  - docs/models/components/platforms.md
  - docs/models/components/externalorganizationsortproperty.md
  - docs/models/components/listresourcerepository.md
  - docs/models/components/repositoryoutput.md
  - docs/models/components/repositoryprofilesettings.md
  - docs/models/components/repositorysortproperty.md
  - docs/models/components/repositoryupdate.md
  - docs/models/components/repositoryprofilesettingsupdate.md
  - docs/models/components/listresourceorganization.md
  - docs/models/components/organizationoutput.md
  - docs/models/components/organizationfeaturesettings.md
  - docs/models/components/organizationprofilesettings.md
  - docs/models/components/organizationsubscribepromotesettings.md
  - docs/models/components/organizationsortproperty.md
  - docs/models/components/organizationcreate.md
  - docs/models/components/organizationupdate.md
  - docs/models/components/listresourcesubscription.md
  - docs/models/components/subscriptionoutput.md
  - docs/models/components/productoutputbenefits.md
  - docs/models/components/productoutput.md
  - docs/models/components/subscriptionuser.md
  - docs/models/components/subscriptionsortproperty.md
  - docs/models/components/subscriptioncreateemail.md
  - docs/models/components/subscriptionsimported.md
  - docs/models/components/filet.md
  - docs/models/components/bodysubscriptionsimport.md
  - docs/models/components/listresourcearticle.md
  - docs/models/components/article.md
  - docs/models/components/articlevisibility.md
  - docs/models/components/bylineprofile.md
  - docs/models/components/articlecreatearticlebyline.md
  - docs/models/components/articlecreatearticlevisibility.md
  - docs/models/components/articlecreate.md
  - docs/models/components/articleupdate.md
  - docs/models/components/articlebyline.md
  - docs/models/components/articlereceivers.md
  - docs/models/components/articlepreview.md
  - docs/models/components/advertisementcampaignlistresource.md
  - docs/models/components/advertisementcampaign.md
  - docs/models/components/advertisementsortproperty.md
  - docs/models/components/tokentype.md
  - docs/models/components/tokenresponse.md
  - docs/models/components/granttype.md
  - docs/models/components/onev11oauth21tokenpostxcomponentsauthorizationcodetokenrequest.md
  - docs/models/components/onev11oauth21tokenpostxcomponentsrefreshtokenrequestgranttype.md
  - docs/models/components/onev11oauth21tokenpostxcomponentsrefreshtokenrequest.md
  - docs/models/components/revoketokenresponse.md
  - docs/models/components/introspecttokenresponsetokentype.md
  - docs/models/components/introspecttokenresponse.md
  - docs/models/components/subtype.md
  - docs/models/components/userinfouser.md
  - docs/models/components/userinfoorganization.md
  - docs/models/components/listresourceoauth2client.md
  - docs/models/components/tokenendpointauthmethod.md
  - docs/models/components/granttypes.md
  - docs/models/components/responsetypes.md
  - docs/models/components/oauth2client.md
  - docs/models/components/oauth2clientconfigurationtokenendpointauthmethod.md
  - docs/models/components/oauth2clientconfigurationgranttypes.md
  - docs/models/components/oauth2clientconfigurationresponsetypes.md
  - docs/models/components/oauth2clientconfiguration.md
  - docs/models/components/oauth2clientconfigurationupdatetokenendpointauthmethod.md
  - docs/models/components/oauth2clientconfigurationupdategranttypes.md
  - docs/models/components/oauth2clientconfigurationupdateresponsetypes.md
  - docs/models/components/oauth2clientconfigurationupdate.md
  - docs/models/components/benefit.md
  - docs/models/components/listresourcebenefit.md
  - docs/models/components/benefitadstype.md
  - docs/models/components/benefitads.md
  - docs/models/components/benefitcustomtype.md
  - docs/models/components/benefitcustom.md
  - docs/models/components/benefitcustomproperties.md
  - docs/models/components/benefitdiscordoutputtype.md
  - docs/models/components/benefitdiscordoutput.md
  - docs/models/components/benefitdiscordpropertiesoutput.md
  - docs/models/components/benefitgithubrepositorytype.md
  - docs/models/components/benefitgithubrepository.md
  - docs/models/components/permission.md
  - docs/models/components/benefitgithubrepositoryproperties.md
  - docs/models/components/benefitdownloadablestype.md
  - docs/models/components/benefitdownloadables.md
  - docs/models/components/benefitdownloadablesproperties.md
  - docs/models/components/benefitlicensekeysoutputtype.md
  - docs/models/components/benefitlicensekeysoutput.md
  - docs/models/components/benefitlicensekeysproperties.md
  - docs/models/components/benefitcustomcreatetype.md
  - docs/models/components/benefitcustomcreate.md
  - docs/models/components/benefitadscreatetype.md
  - docs/models/components/benefitadscreate.md
  - docs/models/components/benefitdiscordcreatetype.md
  - docs/models/components/benefitdiscordcreate.md
  - docs/models/components/benefitdiscordcreateproperties.md
  - docs/models/components/benefitgithubrepositorycreatetype.md
  - docs/models/components/benefitgithubrepositorycreate.md
  - docs/models/components/benefitgithubrepositorycreatepropertiespermission.md
  - docs/models/components/benefitgithubrepositorycreateproperties.md
  - docs/models/components/benefitdownloadablescreatetype.md
  - docs/models/components/benefitdownloadablescreate.md
  - docs/models/components/benefitdownloadablescreateproperties.md
  - docs/models/components/benefitlicensekeyscreatetype.md
  - docs/models/components/benefitlicensekeyscreate.md
  - docs/models/components/benefitlicensekeyscreateproperties.md
  - docs/models/components/benefitarticlesupdatetype.md
  - docs/models/components/benefitarticlesupdate.md
  - docs/models/components/benefitadsupdatetype.md
  - docs/models/components/benefitadsupdate.md
  - docs/models/components/benefitcustomupdatetype.md
  - docs/models/components/benefitcustomupdate.md
  - docs/models/components/benefitdiscordupdatetype.md
  - docs/models/components/benefitdiscordupdate.md
  - docs/models/components/benefitgithubrepositoryupdatetype.md
  - docs/models/components/benefitgithubrepositoryupdate.md
  - docs/models/components/benefitdownloadablesupdatetype.md
  - docs/models/components/benefitdownloadablesupdate.md
  - docs/models/components/benefitlicensekeysupdatetype.md
  - docs/models/components/benefitlicensekeysupdate.md
  - docs/models/components/listresourcebenefitgrant.md
  - docs/models/components/listresourceproduct.md
  - docs/models/components/productrecurringcreatetype.md
  - docs/models/components/productrecurringcreate.md
  - docs/models/components/productpricerecurringcreatetype.md
  - docs/models/components/productpricerecurringcreate.md
  - docs/models/components/productonetimecreate.md
  - docs/models/components/productpriceonetimecreatetype.md
  - docs/models/components/productpriceonetimecreate.md
  - docs/models/components/prices.md
  - docs/models/components/productupdate.md
  - docs/models/components/existingproductprice.md
  - docs/models/components/productbenefitsupdate.md
  - docs/models/components/listresourceorder.md
  - docs/models/components/orderoutput.md
  - docs/models/components/ordersubscription.md
  - docs/models/components/orderproduct.md
  - docs/models/components/orderuser.md
  - docs/models/components/ordersortproperty.md
  - docs/models/components/orderinvoice.md
  - docs/models/components/checkout.md
  - docs/models/components/checkoutcreate.md
  - docs/models/components/fileread.md
  - docs/models/components/listresourcefileread.md
  - docs/models/components/downloadablefilereadservice.md
  - docs/models/components/downloadablefileread.md
  - docs/models/components/organizationavatarfilereadservice.md
  - docs/models/components/organizationavatarfileread.md
  - docs/models/components/fileupload.md
  - docs/models/components/s3fileuploadmultipart.md
  - docs/models/components/s3fileuploadpart.md
  - docs/models/components/downloadablefilecreateservice.md
  - docs/models/components/downloadablefilecreate.md
  - docs/models/components/s3filecreatemultipart.md
  - docs/models/components/s3filecreatepart.md
  - docs/models/components/productmediafilecreateservice.md
  - docs/models/components/productmediafilecreate.md
  - docs/models/components/organizationavatarfilecreateservice.md
  - docs/models/components/organizationavatarfilecreate.md
  - docs/models/components/fileuploadcompleted.md
  - docs/models/components/s3fileuploadcompletedpart.md
  - docs/models/components/filepatch.md
  - docs/models/components/metricsresponse.md
  - docs/models/components/metrics.md
  - docs/models/components/metric.md
  - docs/models/components/metrictype.md
  - docs/models/components/metricperiod.md
  - docs/models/components/metricslimits.md
  - docs/models/components/metricsintervalslimits.md
  - docs/models/components/metricsintervallimit.md
  - docs/models/components/licensekeyupdate.md
  - docs/models/components/security.md
  - docs/models/components/webhookordercreatedpayloadtype.md
  - docs/models/components/webhookordercreatedpayload.md
  - docs/models/components/orderinput.md
  - docs/models/components/productpriceinput.md
  - docs/models/components/webhooksubscriptioncreatedpayloadtype.md
  - docs/models/components/webhooksubscriptioncreatedpayload.md
  - docs/models/components/subscriptioninput.md
  - docs/models/components/productinputbenefits.md
  - docs/models/components/productinput.md
  - docs/models/components/productmediafilereadinputservice.md
  - docs/models/components/productmediafilereadinput.md
  - docs/models/components/webhooksubscriptionupdatedpayloadtype.md
  - docs/models/components/webhooksubscriptionupdatedpayload.md
  - docs/models/components/webhookproductcreatedpayloadtype.md
  - docs/models/components/webhookproductcreatedpayload.md
  - docs/models/components/webhookproductupdatedpayloadtype.md
  - docs/models/components/webhookproductupdatedpayload.md
  - docs/models/components/webhookpledgecreatedpayloadtype.md
  - docs/models/components/webhookpledgecreatedpayload.md
  - docs/models/components/pledgeinput.md
  - docs/models/components/pledger.md
  - docs/models/components/issueinput.md
  - docs/models/components/repositoryinput.md
  - docs/models/components/funding.md
  - docs/models/components/currencyamount.md
  - docs/models/components/state.md
  - docs/models/components/reactions.md
  - docs/models/components/assignee.md
  - docs/models/components/author.md
  - docs/models/components/label.md
  - docs/models/components/pledgetype.md
  - docs/models/components/pledgestate.md
  - docs/models/components/webhookpledgeupdatedpayloadtype.md
  - docs/models/components/webhookpledgeupdatedpayload.md
  - docs/models/components/webhookdonationcreatedpayloadtype.md
  - docs/models/components/webhookdonationcreatedpayload.md
  - docs/models/components/donor.md
  - docs/models/components/donationinput.md
  - docs/models/components/donationorganization.md
  - docs/models/components/donationuser.md
  - docs/models/components/webhookorganizationupdatedpayloadtype.md
  - docs/models/components/webhookorganizationupdatedpayload.md
  - docs/models/components/organizationinput.md
  - docs/models/components/webhookbenefitcreatedpayloadtype.md
  - docs/models/components/webhookbenefitcreatedpayloadbenefit.md
  - docs/models/components/webhookbenefitcreatedpayload.md
  - docs/models/components/benefitdiscordinputtype.md
  - docs/models/components/benefitdiscordinput.md
  - docs/models/components/benefitdiscordpropertiesinput.md
  - docs/models/components/benefitlicensekeysinputtype.md
  - docs/models/components/benefitlicensekeysinput.md
  - docs/models/components/webhookbenefitupdatedpayloadtype.md
  - docs/models/components/webhookbenefitupdatedpayloadbenefit.md
  - docs/models/components/webhookbenefitupdatedpayload.md
  - docs/models/errors/httpvalidationerror.md
  - docs/models/errors/type.md
  - docs/models/errors/resourcenotfound.md
  - docs/models/errors/alreadysubscribedtype.md
  - docs/models/errors/alreadysubscribed.md
  - docs/models/errors/freesubscriptionupgradetype.md
  - docs/models/errors/freesubscriptionupgrade.md
  - docs/models/errors/alreadycanceledsubscriptiontype.md
  - docs/models/errors/alreadycanceledsubscription.md
  - docs/models/errors/unauthorizedtype.md
  - docs/models/errors/unauthorized.md
  - docs/models/errors/notpermittedtype.md
  - docs/models/errors/notpermitted.md
  - docs/models/errors/filenotfoundtype.md
  - docs/models/errors/filenotfound.md
  - docs/sdks/polar/README.md
  - docs/sdks/users/README.md
  - docs/lib/utils/retryconfig.md
  - docs/sdks/polarbenefits/README.md
  - docs/sdks/polarorders/README.md
  - docs/sdks/polarsubscriptions/README.md
  - docs/sdks/polaradvertisements/README.md
  - docs/sdks/downloadables/README.md
  - docs/sdks/polarlicensekeys/README.md
  - docs/sdks/externalorganizations/README.md
  - docs/sdks/repositories/README.md
  - docs/sdks/organizations/README.md
  - docs/sdks/subscriptions/README.md
  - docs/sdks/articles/README.md
  - docs/sdks/advertisements/README.md
  - docs/sdks/oauth2/README.md
  - docs/sdks/clients/README.md
  - docs/sdks/benefits/README.md
  - docs/sdks/products/README.md
  - docs/sdks/orders/README.md
  - docs/sdks/checkouts/README.md
  - docs/sdks/files/README.md
  - docs/sdks/metrics/README.md
  - docs/sdks/licensekeys/README.md
  - USAGE.md
  - .gitattributes
  - .devcontainer/README.md
  - .devcontainer/devcontainer.json
  - .devcontainer/setup.sh
  - src/hooks/hooks.ts
  - src/hooks/types.ts
  - src/hooks/index.ts
  - CONTRIBUTING.md
