speakeasyVersion: 1.509.1
sources:
    Polar-OAS:
        sourceNamespace: polar-oas
        sourceRevisionDigest: sha256:eeaea2b9b8516ac5bd5be2f07ce033cd29beed54db92087ebc0067f4c824e6f9
        sourceBlobDigest: sha256:4005f4f610b18f88f73db3ddfbcbe89980b6f39342110e3b7249013381a3a63a
        tags:
            - latest
            - speakeasy-sdk-regen-1741190097
            - 0.1.0
targets:
    polar:
        source: Polar-OAS
        sourceNamespace: polar-oas
        sourceRevisionDigest: sha256:eeaea2b9b8516ac5bd5be2f07ce033cd29beed54db92087ebc0067f4c824e6f9
        sourceBlobDigest: sha256:4005f4f610b18f88f73db3ddfbcbe89980b6f39342110e3b7249013381a3a63a
        codeSamplesNamespace: polar-oas-ts-code-samples
        codeSamplesRevisionDigest: sha256:4bf609127007b6ad38e948fad2162481c5907f36c4938f88e0468e4e72c03e6c
workflow:
    workflowVersion: 1.0.0
    speakeasyVersion: latest
    sources:
        Polar-OAS:
            inputs:
                - location: https://api.polar.sh/openapi.json
            overlays:
                - location: https://raw.githubusercontent.com/polarsource/polar/main/sdk/overlays/security.yml
                - location: https://raw.githubusercontent.com/polarsource/polar/main/sdk/overlays/type_parameter.yml
                - location: https://raw.githubusercontent.com/polarsource/polar/main/sdk/overlays/product_price_discriminator.yml
                - location: https://raw.githubusercontent.com/polarsource/polar/main/sdk/overlays/read_only.yml
            registry:
                location: registry.speakeasyapi.dev/polar/polar/polar-oas
    targets:
        polar:
            target: typescript
            source: Polar-OAS
            publish:
                npm:
                    token: $npm_token
            codeSamples:
                output: codeSamples.yaml
                registry:
                    location: registry.speakeasyapi.dev/polar/polar/polar-oas-ts-code-samples
                labelOverride:
                    fixedValue: Typescript (SDK)
