speakeasyVersion: 1.396.9
sources:
    Polar-OAS:
        sourceNamespace: polar-oas
        sourceRevisionDigest: sha256:cfca1ca13c377c0079f9fe728bab50bc2318f8ccaa1873d7d50fa6d6ce18262d
        sourceBlobDigest: sha256:f39249092d24cd7b2d2b9ebdd9643162901b4765ed7e6bcc382dcffd39d7b490
        tags:
            - latest
            - main
targets:
    polar:
        source: Polar-OAS
        sourceNamespace: polar-oas
        sourceRevisionDigest: sha256:cfca1ca13c377c0079f9fe728bab50bc2318f8ccaa1873d7d50fa6d6ce18262d
        sourceBlobDigest: sha256:f39249092d24cd7b2d2b9ebdd9643162901b4765ed7e6bcc382dcffd39d7b490
workflow:
    workflowVersion: 1.0.0
    speakeasyVersion: latest
    sources:
        Polar-OAS:
            inputs:
                - location: https://api.polar.sh/openapi.json
            overlays:
                - location: https://raw.githubusercontent.com/polarsource/polar/main/sdk/overlays/security.yml
                - location: https://raw.githubusercontent.com/polarsource/polar/main/sdk/overlays/type_parameter.yml
            registry:
                location: registry.speakeasyapi.dev/polar/polar/polar-oas
    targets:
        polar:
            target: typescript
            source: Polar-OAS
            publish:
                npm:
                    token: $npm_token
            codeSamples:
                output: codeSamples.yaml
