speakeasyVersion: 1.761.9
sources:
    Polar-OAS:
        sourceNamespace: polar-oas
        sourceRevisionDigest: sha256:5ab08a21a7d10f0932afc189494a0995ed880a6085ff905b8bb404a198981c44
        sourceBlobDigest: sha256:2f0431480dbfc982ef7ab9855918e539de509b4a7cc95a00530cc0c168fdac27
        tags:
            - latest
            - 0.1.0
targets:
    polar:
        source: Polar-OAS
        sourceNamespace: polar-oas
        sourceRevisionDigest: sha256:5ab08a21a7d10f0932afc189494a0995ed880a6085ff905b8bb404a198981c44
        sourceBlobDigest: sha256:2f0431480dbfc982ef7ab9855918e539de509b4a7cc95a00530cc0c168fdac27
        codeSamplesNamespace: polar-oas-ts-code-samples
        codeSamplesRevisionDigest: sha256:50115256c480855ff79069fb0c8c769be4b95d8719824ebf8da2bde139364f2e
workflow:
    workflowVersion: 1.0.0
    speakeasyVersion: latest
    sources:
        Polar-OAS:
            inputs:
                - location: https://api.polar.sh/openapi.json
            overlays:
                - location: https://raw.githubusercontent.com/polarsource/polar/main/sdk/overlays/security.yml
                - location: https://raw.githubusercontent.com/polarsource/polar/main/sdk/overlays/type_parameter.yml
                - location: https://raw.githubusercontent.com/polarsource/polar/main/sdk/overlays/read_only.yml
                - location: https://raw.githubusercontent.com/polarsource/polar/main/sdk/overlays/event_discriminator.yml
                - location: https://raw.githubusercontent.com/polarsource/polar/main/sdk/overlays/timezone_enum.yml
                - location: https://raw.githubusercontent.com/polarsource/polar/main/sdk/overlays/event_metadata.yml
            registry:
                location: registry.speakeasyapi.dev/polar/polar/polar-oas
    targets:
        polar:
            target: typescript
            source: Polar-OAS
            publish:
                npm:
                    token: $npm_token
            codeSamples:
                output: codeSamples.yaml
                registry:
                    location: registry.speakeasyapi.dev/polar/polar/polar-oas-ts-code-samples
                labelOverride:
                    fixedValue: Typescript (SDK)
